// !$*UTF8*$!
{
	archiveVersion = 1;
	classes = {
	};
	objectVersion = 56;
	objects = {

/* Begin PBXBuildFile section */
		BF62FFD62B037FF400DD68DA /* CategoryRow.swift in Sources */ = {isa = PBXBuildFile; fileRef = BF62FFD52B037FF400DD68DA /* CategoryRow.swift */; };
		BF62FFD82B038B2900DD68DA /* CategoryAdd.swift in Sources */ = {isa = PBXBuildFile; fileRef = BF62FFD72B038B2900DD68DA /* CategoryAdd.swift */; };
		BF62FFDA2B03B27B00DD68DA /* AreaRow.swift in Sources */ = {isa = PBXBuildFile; fileRef = BF62FFD92B03B27B00DD68DA /* AreaRow.swift */; };
		BF62FFDC2B03E51300DD68DA /* CategoryEdit.swift in Sources */ = {isa = PBXBuildFile; fileRef = BF62FFDB2B03E51300DD68DA /* CategoryEdit.swift */; };
		BF62FFDE2B03F7AD00DD68DA /* IngredientRow.swift in Sources */ = {isa = PBXBuildFile; fileRef = BF62FFDD2B03F7AD00DD68DA /* IngredientRow.swift */; };
		BF62FFE02B03F7B800DD68DA /* IngredientAdd.swift in Sources */ = {isa = PBXBuildFile; fileRef = BF62FFDF2B03F7B800DD68DA /* IngredientAdd.swift */; };
		BF62FFE22B03F7C100DD68DA /* IngredientEdit.swift in Sources */ = {isa = PBXBuildFile; fileRef = BF62FFE12B03F7C100DD68DA /* IngredientEdit.swift */; };
		BF62FFE42B03FE8600DD68DA /* AreaAdd.swift in Sources */ = {isa = PBXBuildFile; fileRef = BF62FFE32B03FE8600DD68DA /* AreaAdd.swift */; };
		BF62FFE62B03FE9900DD68DA /* AreaEdit.swift in Sources */ = {isa = PBXBuildFile; fileRef = BF62FFE52B03FE9900DD68DA /* AreaEdit.swift */; };
		BFBAC6EC2B04C7AC00841FDE /* ArchiveArea.swift in Sources */ = {isa = PBXBuildFile; fileRef = BFBAC6EB2B04C7AC00841FDE /* ArchiveArea.swift */; };
		BFBAC6EE2B04C7BB00841FDE /* ArchiveIngredient.swift in Sources */ = {isa = PBXBuildFile; fileRef = BFBAC6ED2B04C7BB00841FDE /* ArchiveIngredient.swift */; };
		BFBAC6F02B04C7D200841FDE /* ArchiveCategory.swift in Sources */ = {isa = PBXBuildFile; fileRef = BFBAC6EF2B04C7D200841FDE /* ArchiveCategory.swift */; };
		BFBAC6F22B04C7DE00841FDE /* ArchiveRecipe.swift in Sources */ = {isa = PBXBuildFile; fileRef = BFBAC6F12B04C7DE00841FDE /* ArchiveRecipe.swift */; };
		BFBAC6F52B04E69E00841FDE /* ResultRow.swift in Sources */ = {isa = PBXBuildFile; fileRef = BFBAC6F42B04E69E00841FDE /* ResultRow.swift */; };
		BFBAC6F72B04EF7200841FDE /* SearchModal.swift in Sources */ = {isa = PBXBuildFile; fileRef = BFBAC6F62B04EF7200841FDE /* SearchModal.swift */; };
		BFBAC6F92B05177800841FDE /* RecipeRow.swift in Sources */ = {isa = PBXBuildFile; fileRef = BFBAC6F82B05177800841FDE /* RecipeRow.swift */; };
		BFBAC6FB2B05178400841FDE /* RecipeEdit.swift in Sources */ = {isa = PBXBuildFile; fileRef = BFBAC6FA2B05178400841FDE /* RecipeEdit.swift */; };
		BFEB414A2B021E0D00844AE0 /* RatatouilleApp.swift in Sources */ = {isa = PBXBuildFile; fileRef = BFEB41492B021E0D00844AE0 /* RatatouilleApp.swift */; };
		BFEB414C2B021E0D00844AE0 /* MainView.swift in Sources */ = {isa = PBXBuildFile; fileRef = BFEB414B2B021E0D00844AE0 /* MainView.swift */; };
		BFEB41502B021E0F00844AE0 /* Assets.xcassets in Resources */ = {isa = PBXBuildFile; fileRef = BFEB414F2B021E0F00844AE0 /* Assets.xcassets */; };
		BFEB41532B021E0F00844AE0 /* Preview Assets.xcassets in Resources */ = {isa = PBXBuildFile; fileRef = BFEB41522B021E0F00844AE0 /* Preview Assets.xcassets */; };
		BFEB415B2B02205200844AE0 /* RecipeView.swift in Sources */ = {isa = PBXBuildFile; fileRef = BFEB415A2B02205200844AE0 /* RecipeView.swift */; };
		BFEB415D2B02205F00844AE0 /* SearchView.swift in Sources */ = {isa = PBXBuildFile; fileRef = BFEB415C2B02205F00844AE0 /* SearchView.swift */; };
		BFEB415F2B02207300844AE0 /* SettingsView.swift in Sources */ = {isa = PBXBuildFile; fileRef = BFEB415E2B02207300844AE0 /* SettingsView.swift */; };
		BFEB41612B02211F00844AE0 /* SplashView.swift in Sources */ = {isa = PBXBuildFile; fileRef = BFEB41602B02211F00844AE0 /* SplashView.swift */; };
		BFEB41642B02297800844AE0 /* CategoryJson.swift in Sources */ = {isa = PBXBuildFile; fileRef = BFEB41632B02297800844AE0 /* CategoryJson.swift */; };
		BFEB41662B022D0900844AE0 /* RecipeJson.swift in Sources */ = {isa = PBXBuildFile; fileRef = BFEB41652B022D0900844AE0 /* RecipeJson.swift */; };
		BFEB41692B022D5300844AE0 /* Recipe.swift in Sources */ = {isa = PBXBuildFile; fileRef = BFEB41682B022D5300844AE0 /* Recipe.swift */; };
		BFEB416B2B022D6300844AE0 /* Category.swift in Sources */ = {isa = PBXBuildFile; fileRef = BFEB416A2B022D6300844AE0 /* Category.swift */; };
		BFEB41722B024B8E00844AE0 /* AreaView.swift in Sources */ = {isa = PBXBuildFile; fileRef = BFEB41712B024B8E00844AE0 /* AreaView.swift */; };
		BFEB41742B024D7C00844AE0 /* Area.swift in Sources */ = {isa = PBXBuildFile; fileRef = BFEB41732B024D7C00844AE0 /* Area.swift */; };
		BFEB41762B025A9C00844AE0 /* CategoryView.swift in Sources */ = {isa = PBXBuildFile; fileRef = BFEB41752B025A9C00844AE0 /* CategoryView.swift */; };
		BFEB41782B025B3300844AE0 /* IngredientView.swift in Sources */ = {isa = PBXBuildFile; fileRef = BFEB41772B025B3300844AE0 /* IngredientView.swift */; };
		BFEB417B2B0278FC00844AE0 /* ImportView.swift in Sources */ = {isa = PBXBuildFile; fileRef = BFEB417A2B0278FC00844AE0 /* ImportView.swift */; };
		BFEB417F2B02857700844AE0 /* AreaJson.swift in Sources */ = {isa = PBXBuildFile; fileRef = BFEB417E2B02857700844AE0 /* AreaJson.swift */; };
		BFEB41812B0289DB00844AE0 /* ArchiveView.swift in Sources */ = {isa = PBXBuildFile; fileRef = BFEB41802B0289DB00844AE0 /* ArchiveView.swift */; };
		BFEB418F2B02A9F100844AE0 /* IngredientJson.swift in Sources */ = {isa = PBXBuildFile; fileRef = BFEB418E2B02A9F100844AE0 /* IngredientJson.swift */; };
		BFEB41912B02AA8E00844AE0 /* Ingredient.swift in Sources */ = {isa = PBXBuildFile; fileRef = BFEB41902B02AA8E00844AE0 /* Ingredient.swift */; };
/* End PBXBuildFile section */

/* Begin PBXFileReference section */
		BF62FFD52B037FF400DD68DA /* CategoryRow.swift */ = {isa = PBXFileReference; lastKnownFileType = sourcecode.swift; path = CategoryRow.swift; sourceTree = "<group>"; };
		BF62FFD72B038B2900DD68DA /* CategoryAdd.swift */ = {isa = PBXFileReference; lastKnownFileType = sourcecode.swift; path = CategoryAdd.swift; sourceTree = "<group>"; };
		BF62FFD92B03B27B00DD68DA /* AreaRow.swift */ = {isa = PBXFileReference; lastKnownFileType = sourcecode.swift; path = AreaRow.swift; sourceTree = "<group>"; };
		BF62FFDB2B03E51300DD68DA /* CategoryEdit.swift */ = {isa = PBXFileReference; lastKnownFileType = sourcecode.swift; path = CategoryEdit.swift; sourceTree = "<group>"; };
		BF62FFDD2B03F7AD00DD68DA /* IngredientRow.swift */ = {isa = PBXFileReference; lastKnownFileType = sourcecode.swift; path = IngredientRow.swift; sourceTree = "<group>"; };
		BF62FFDF2B03F7B800DD68DA /* IngredientAdd.swift */ = {isa = PBXFileReference; lastKnownFileType = sourcecode.swift; path = IngredientAdd.swift; sourceTree = "<group>"; };
		BF62FFE12B03F7C100DD68DA /* IngredientEdit.swift */ = {isa = PBXFileReference; lastKnownFileType = sourcecode.swift; path = IngredientEdit.swift; sourceTree = "<group>"; };
		BF62FFE32B03FE8600DD68DA /* AreaAdd.swift */ = {isa = PBXFileReference; lastKnownFileType = sourcecode.swift; path = AreaAdd.swift; sourceTree = "<group>"; };
		BF62FFE52B03FE9900DD68DA /* AreaEdit.swift */ = {isa = PBXFileReference; lastKnownFileType = sourcecode.swift; path = AreaEdit.swift; sourceTree = "<group>"; };
		BFBAC6EB2B04C7AC00841FDE /* ArchiveArea.swift */ = {isa = PBXFileReference; lastKnownFileType = sourcecode.swift; path = ArchiveArea.swift; sourceTree = "<group>"; };
		BFBAC6ED2B04C7BB00841FDE /* ArchiveIngredient.swift */ = {isa = PBXFileReference; lastKnownFileType = sourcecode.swift; path = ArchiveIngredient.swift; sourceTree = "<group>"; };
		BFBAC6EF2B04C7D200841FDE /* ArchiveCategory.swift */ = {isa = PBXFileReference; lastKnownFileType = sourcecode.swift; path = ArchiveCategory.swift; sourceTree = "<group>"; };
		BFBAC6F12B04C7DE00841FDE /* ArchiveRecipe.swift */ = {isa = PBXFileReference; lastKnownFileType = sourcecode.swift; path = ArchiveRecipe.swift; sourceTree = "<group>"; };
		BFBAC6F42B04E69E00841FDE /* ResultRow.swift */ = {isa = PBXFileReference; lastKnownFileType = sourcecode.swift; path = ResultRow.swift; sourceTree = "<group>"; };
		BFBAC6F62B04EF7200841FDE /* SearchModal.swift */ = {isa = PBXFileReference; lastKnownFileType = sourcecode.swift; path = SearchModal.swift; sourceTree = "<group>"; };
		BFBAC6F82B05177800841FDE /* RecipeRow.swift */ = {isa = PBXFileReference; lastKnownFileType = sourcecode.swift; path = RecipeRow.swift; sourceTree = "<group>"; };
		BFBAC6FA2B05178400841FDE /* RecipeEdit.swift */ = {isa = PBXFileReference; lastKnownFileType = sourcecode.swift; path = RecipeEdit.swift; sourceTree = "<group>"; };
		BFEB41462B021E0D00844AE0 /* Ratatouille.app */ = {isa = PBXFileReference; explicitFileType = wrapper.application; includeInIndex = 0; path = Ratatouille.app; sourceTree = BUILT_PRODUCTS_DIR; };
		BFEB41492B021E0D00844AE0 /* RatatouilleApp.swift */ = {isa = PBXFileReference; lastKnownFileType = sourcecode.swift; path = RatatouilleApp.swift; sourceTree = "<group>"; };
		BFEB414B2B021E0D00844AE0 /* MainView.swift */ = {isa = PBXFileReference; lastKnownFileType = sourcecode.swift; path = MainView.swift; sourceTree = "<group>"; };
		BFEB414F2B021E0F00844AE0 /* Assets.xcassets */ = {isa = PBXFileReference; lastKnownFileType = folder.assetcatalog; path = Assets.xcassets; sourceTree = "<group>"; };
		BFEB41522B021E0F00844AE0 /* Preview Assets.xcassets */ = {isa = PBXFileReference; lastKnownFileType = folder.assetcatalog; path = "Preview Assets.xcassets"; sourceTree = "<group>"; };
		BFEB415A2B02205200844AE0 /* RecipeView.swift */ = {isa = PBXFileReference; lastKnownFileType = sourcecode.swift; path = RecipeView.swift; sourceTree = "<group>"; };
		BFEB415C2B02205F00844AE0 /* SearchView.swift */ = {isa = PBXFileReference; lastKnownFileType = sourcecode.swift; path = SearchView.swift; sourceTree = "<group>"; };
		BFEB415E2B02207300844AE0 /* SettingsView.swift */ = {isa = PBXFileReference; lastKnownFileType = sourcecode.swift; path = SettingsView.swift; sourceTree = "<group>"; };
		BFEB41602B02211F00844AE0 /* SplashView.swift */ = {isa = PBXFileReference; lastKnownFileType = sourcecode.swift; path = SplashView.swift; sourceTree = "<group>"; };
		BFEB41632B02297800844AE0 /* CategoryJson.swift */ = {isa = PBXFileReference; lastKnownFileType = sourcecode.swift; path = CategoryJson.swift; sourceTree = "<group>"; };
		BFEB41652B022D0900844AE0 /* RecipeJson.swift */ = {isa = PBXFileReference; lastKnownFileType = sourcecode.swift; path = RecipeJson.swift; sourceTree = "<group>"; };
		BFEB41682B022D5300844AE0 /* Recipe.swift */ = {isa = PBXFileReference; lastKnownFileType = sourcecode.swift; path = Recipe.swift; sourceTree = "<group>"; };
		BFEB416A2B022D6300844AE0 /* Category.swift */ = {isa = PBXFileReference; lastKnownFileType = sourcecode.swift; path = Category.swift; sourceTree = "<group>"; };
		BFEB41712B024B8E00844AE0 /* AreaView.swift */ = {isa = PBXFileReference; lastKnownFileType = sourcecode.swift; path = AreaView.swift; sourceTree = "<group>"; };
		BFEB41732B024D7C00844AE0 /* Area.swift */ = {isa = PBXFileReference; lastKnownFileType = sourcecode.swift; path = Area.swift; sourceTree = "<group>"; };
		BFEB41752B025A9C00844AE0 /* CategoryView.swift */ = {isa = PBXFileReference; lastKnownFileType = sourcecode.swift; path = CategoryView.swift; sourceTree = "<group>"; };
		BFEB41772B025B3300844AE0 /* IngredientView.swift */ = {isa = PBXFileReference; lastKnownFileType = sourcecode.swift; path = IngredientView.swift; sourceTree = "<group>"; };
		BFEB417A2B0278FC00844AE0 /* ImportView.swift */ = {isa = PBXFileReference; lastKnownFileType = sourcecode.swift; path = ImportView.swift; sourceTree = "<group>"; };
		BFEB417E2B02857700844AE0 /* AreaJson.swift */ = {isa = PBXFileReference; lastKnownFileType = sourcecode.swift; path = AreaJson.swift; sourceTree = "<group>"; };
		BFEB41802B0289DB00844AE0 /* ArchiveView.swift */ = {isa = PBXFileReference; lastKnownFileType = sourcecode.swift; path = ArchiveView.swift; sourceTree = "<group>"; };
		BFEB418E2B02A9F100844AE0 /* IngredientJson.swift */ = {isa = PBXFileReference; lastKnownFileType = sourcecode.swift; path = IngredientJson.swift; sourceTree = "<group>"; };
		BFEB41902B02AA8E00844AE0 /* Ingredient.swift */ = {isa = PBXFileReference; lastKnownFileType = sourcecode.swift; path = Ingredient.swift; sourceTree = "<group>"; };
/* End PBXFileReference section */

/* Begin PBXFrameworksBuildPhase section */
		BFEB41432B021E0D00844AE0 /* Frameworks */ = {
			isa = PBXFrameworksBuildPhase;
			buildActionMask = 2147483647;
			files = (
			);
			runOnlyForDeploymentPostprocessing = 0;
		};
/* End PBXFrameworksBuildPhase section */

/* Begin PBXGroup section */
		BFBAC6F32B04CF0C00841FDE /* Search */ = {
			isa = PBXGroup;
			children = (
				BFEB415C2B02205F00844AE0 /* SearchView.swift */,
				BFBAC6F42B04E69E00841FDE /* ResultRow.swift */,
				BFBAC6F62B04EF7200841FDE /* SearchModal.swift */,
			);
			path = Search;
			sourceTree = "<group>";
		};
		BFEB413D2B021E0D00844AE0 = {
			isa = PBXGroup;
			children = (
				BFEB41482B021E0D00844AE0 /* Ratatouille */,
				BFEB41472B021E0D00844AE0 /* Products */,
			);
			sourceTree = "<group>";
		};
		BFEB41472B021E0D00844AE0 /* Products */ = {
			isa = PBXGroup;
			children = (
				BFEB41462B021E0D00844AE0 /* Ratatouille.app */,
			);
			name = Products;
			sourceTree = "<group>";
		};
		BFEB41482B021E0D00844AE0 /* Ratatouille */ = {
			isa = PBXGroup;
			children = (
				BFEB41492B021E0D00844AE0 /* RatatouilleApp.swift */,
				BFEB41592B02202000844AE0 /* View */,
				BFEB41622B02292B00844AE0 /* ViewModel */,
				BFEB41672B022D2500844AE0 /* Model */,
				BFEB414F2B021E0F00844AE0 /* Assets.xcassets */,
				BFEB41512B021E0F00844AE0 /* Preview Content */,
			);
			path = Ratatouille;
			sourceTree = "<group>";
		};
		BFEB41512B021E0F00844AE0 /* Preview Content */ = {
			isa = PBXGroup;
			children = (
				BFEB41522B021E0F00844AE0 /* Preview Assets.xcassets */,
			);
			path = "Preview Content";
			sourceTree = "<group>";
		};
		BFEB41592B02202000844AE0 /* View */ = {
			isa = PBXGroup;
			children = (
				BFEB414B2B021E0D00844AE0 /* MainView.swift */,
				BFEB41602B02211F00844AE0 /* SplashView.swift */,
				BFEB415E2B02207300844AE0 /* SettingsView.swift */,
				BFBAC6F32B04CF0C00841FDE /* Search */,
				BFEB416C2B02350400844AE0 /* Recipe */,
				BFEB416D2B024AC900844AE0 /* Area */,
				BFEB416E2B024AE900844AE0 /* Category */,
				BFEB416F2B024AFD00844AE0 /* Ingredient */,
				BFEB41702B024B2C00844AE0 /* Archive */,
				BFEB41792B0278E200844AE0 /* Import */,
			);
			path = View;
			sourceTree = "<group>";
		};
		BFEB41622B02292B00844AE0 /* ViewModel */ = {
			isa = PBXGroup;
			children = (
				BFEB41632B02297800844AE0 /* CategoryJson.swift */,
				BFEB41652B022D0900844AE0 /* RecipeJson.swift */,
				BFEB417E2B02857700844AE0 /* AreaJson.swift */,
				BFEB418E2B02A9F100844AE0 /* IngredientJson.swift */,
			);
			path = ViewModel;
			sourceTree = "<group>";
		};
		BFEB41672B022D2500844AE0 /* Model */ = {
			isa = PBXGroup;
			children = (
				BFEB41682B022D5300844AE0 /* Recipe.swift */,
				BFEB416A2B022D6300844AE0 /* Category.swift */,
				BFEB41732B024D7C00844AE0 /* Area.swift */,
				BFEB41902B02AA8E00844AE0 /* Ingredient.swift */,
			);
			path = Model;
			sourceTree = "<group>";
		};
		BFEB416C2B02350400844AE0 /* Recipe */ = {
			isa = PBXGroup;
			children = (
				BFEB415A2B02205200844AE0 /* RecipeView.swift */,
				BFBAC6F82B05177800841FDE /* RecipeRow.swift */,
				BFBAC6FA2B05178400841FDE /* RecipeEdit.swift */,
			);
			path = Recipe;
			sourceTree = "<group>";
		};
		BFEB416D2B024AC900844AE0 /* Area */ = {
			isa = PBXGroup;
			children = (
				BFEB41712B024B8E00844AE0 /* AreaView.swift */,
				BF62FFD92B03B27B00DD68DA /* AreaRow.swift */,
				BF62FFE32B03FE8600DD68DA /* AreaAdd.swift */,
				BF62FFE52B03FE9900DD68DA /* AreaEdit.swift */,
			);
			path = Area;
			sourceTree = "<group>";
		};
		BFEB416E2B024AE900844AE0 /* Category */ = {
			isa = PBXGroup;
			children = (
				BFEB41752B025A9C00844AE0 /* CategoryView.swift */,
				BF62FFD52B037FF400DD68DA /* CategoryRow.swift */,
				BF62FFD72B038B2900DD68DA /* CategoryAdd.swift */,
				BF62FFDB2B03E51300DD68DA /* CategoryEdit.swift */,
			);
			path = Category;
			sourceTree = "<group>";
		};
		BFEB416F2B024AFD00844AE0 /* Ingredient */ = {
			isa = PBXGroup;
			children = (
				BFEB41772B025B3300844AE0 /* IngredientView.swift */,
				BF62FFDD2B03F7AD00DD68DA /* IngredientRow.swift */,
				BF62FFDF2B03F7B800DD68DA /* IngredientAdd.swift */,
				BF62FFE12B03F7C100DD68DA /* IngredientEdit.swift */,
			);
			path = Ingredient;
			sourceTree = "<group>";
		};
		BFEB41702B024B2C00844AE0 /* Archive */ = {
			isa = PBXGroup;
			children = (
				BFEB41802B0289DB00844AE0 /* ArchiveView.swift */,
				BFBAC6EB2B04C7AC00841FDE /* ArchiveArea.swift */,
				BFBAC6ED2B04C7BB00841FDE /* ArchiveIngredient.swift */,
				BFBAC6EF2B04C7D200841FDE /* ArchiveCategory.swift */,
				BFBAC6F12B04C7DE00841FDE /* ArchiveRecipe.swift */,
			);
			path = Archive;
			sourceTree = "<group>";
		};
		BFEB41792B0278E200844AE0 /* Import */ = {
			isa = PBXGroup;
			children = (
				BFEB417A2B0278FC00844AE0 /* ImportView.swift */,
			);
			path = Import;
			sourceTree = "<group>";
		};
/* End PBXGroup section */

/* Begin PBXNativeTarget section */
		BFEB41452B021E0D00844AE0 /* Ratatouille */ = {
			isa = PBXNativeTarget;
			buildConfigurationList = BFEB41562B021E0F00844AE0 /* Build configuration list for PBXNativeTarget "Ratatouille" */;
			buildPhases = (
				BFEB41422B021E0D00844AE0 /* Sources */,
				BFEB41432B021E0D00844AE0 /* Frameworks */,
				BFEB41442B021E0D00844AE0 /* Resources */,
			);
			buildRules = (
			);
			dependencies = (
			);
			name = Ratatouille;
			productName = Ratatouille;
			productReference = BFEB41462B021E0D00844AE0 /* Ratatouille.app */;
			productType = "com.apple.product-type.application";
		};
/* End PBXNativeTarget section */

/* Begin PBXProject section */
		BFEB413E2B021E0D00844AE0 /* Project object */ = {
			isa = PBXProject;
			attributes = {
				BuildIndependentTargetsInParallel = 1;
				LastSwiftUpdateCheck = 1500;
				LastUpgradeCheck = 1500;
				TargetAttributes = {
					BFEB41452B021E0D00844AE0 = {
						CreatedOnToolsVersion = 15.0;
					};
				};
			};
			buildConfigurationList = BFEB41412B021E0D00844AE0 /* Build configuration list for PBXProject "Ratatouille" */;
			compatibilityVersion = "Xcode 14.0";
			developmentRegion = en;
			hasScannedForEncodings = 0;
			knownRegions = (
				en,
				Base,
			);
			mainGroup = BFEB413D2B021E0D00844AE0;
			productRefGroup = BFEB41472B021E0D00844AE0 /* Products */;
			projectDirPath = "";
			projectRoot = "";
			targets = (
				BFEB41452B021E0D00844AE0 /* Ratatouille */,
			);
		};
/* End PBXProject section */

/* Begin PBXResourcesBuildPhase section */
		BFEB41442B021E0D00844AE0 /* Resources */ = {
			isa = PBXResourcesBuildPhase;
			buildActionMask = 2147483647;
			files = (
				BFEB41532B021E0F00844AE0 /* Preview Assets.xcassets in Resources */,
				BFEB41502B021E0F00844AE0 /* Assets.xcassets in Resources */,
			);
			runOnlyForDeploymentPostprocessing = 0;
		};
/* End PBXResourcesBuildPhase section */

/* Begin PBXSourcesBuildPhase section */
		BFEB41422B021E0D00844AE0 /* Sources */ = {
			isa = PBXSourcesBuildPhase;
			buildActionMask = 2147483647;
			files = (
				BFEB415D2B02205F00844AE0 /* SearchView.swift in Sources */,
				BFEB416B2B022D6300844AE0 /* Category.swift in Sources */,
				BF62FFD62B037FF400DD68DA /* CategoryRow.swift in Sources */,
				BFEB41642B02297800844AE0 /* CategoryJson.swift in Sources */,
				BF62FFE02B03F7B800DD68DA /* IngredientAdd.swift in Sources */,
				BFEB41662B022D0900844AE0 /* RecipeJson.swift in Sources */,
				BF62FFE22B03F7C100DD68DA /* IngredientEdit.swift in Sources */,
				BFEB414C2B021E0D00844AE0 /* MainView.swift in Sources */,
				BFBAC6F22B04C7DE00841FDE /* ArchiveRecipe.swift in Sources */,
				BFBAC6FB2B05178400841FDE /* RecipeEdit.swift in Sources */,
				BFEB41762B025A9C00844AE0 /* CategoryView.swift in Sources */,
				BFBAC6EE2B04C7BB00841FDE /* ArchiveIngredient.swift in Sources */,
				BFBAC6F52B04E69E00841FDE /* ResultRow.swift in Sources */,
				BFBAC6F02B04C7D200841FDE /* ArchiveCategory.swift in Sources */,
				BFBAC6F72B04EF7200841FDE /* SearchModal.swift in Sources */,
				BFEB41692B022D5300844AE0 /* Recipe.swift in Sources */,
				BF62FFDC2B03E51300DD68DA /* CategoryEdit.swift in Sources */,
				BFEB415F2B02207300844AE0 /* SettingsView.swift in Sources */,
				BFEB418F2B02A9F100844AE0 /* IngredientJson.swift in Sources */,
				BFEB41912B02AA8E00844AE0 /* Ingredient.swift in Sources */,
				BFEB415B2B02205200844AE0 /* RecipeView.swift in Sources */,
				BFEB414A2B021E0D00844AE0 /* RatatouilleApp.swift in Sources */,
				BF62FFD82B038B2900DD68DA /* CategoryAdd.swift in Sources */,
				BF62FFDE2B03F7AD00DD68DA /* IngredientRow.swift in Sources */,
				BFEB417B2B0278FC00844AE0 /* ImportView.swift in Sources */,
				BFEB41722B024B8E00844AE0 /* AreaView.swift in Sources */,
				BFEB417F2B02857700844AE0 /* AreaJson.swift in Sources */,
				BF62FFDA2B03B27B00DD68DA /* AreaRow.swift in Sources */,
				BFEB41782B025B3300844AE0 /* IngredientView.swift in Sources */,
				BFEB41742B024D7C00844AE0 /* Area.swift in Sources */,
				BFBAC6EC2B04C7AC00841FDE /* ArchiveArea.swift in Sources */,
				BF62FFE62B03FE9900DD68DA /* AreaEdit.swift in Sources */,
				BF62FFE42B03FE8600DD68DA /* AreaAdd.swift in Sources */,
				BFEB41612B02211F00844AE0 /* SplashView.swift in Sources */,
				BFEB41812B0289DB00844AE0 /* ArchiveView.swift in Sources */,
				BFBAC6F92B05177800841FDE /* RecipeRow.swift in Sources */,
			);
			runOnlyForDeploymentPostprocessing = 0;
		};
/* End PBXSourcesBuildPhase section */

/* Begin XCBuildConfiguration section */
		BFEB41542B021E0F00844AE0 /* Debug */ = {
			isa = XCBuildConfiguration;
			buildSettings = {
				ALWAYS_SEARCH_USER_PATHS = NO;
				ASSETCATALOG_COMPILER_GENERATE_SWIFT_ASSET_SYMBOL_EXTENSIONS = YES;
				CLANG_ANALYZER_NONNULL = YES;
				CLANG_ANALYZER_NUMBER_OBJECT_CONVERSION = YES_AGGRESSIVE;
				CLANG_CXX_LANGUAGE_STANDARD = "gnu++20";
				CLANG_ENABLE_MODULES = YES;
				CLANG_ENABLE_OBJC_ARC = YES;
				CLANG_ENABLE_OBJC_WEAK = YES;
				CLANG_WARN_BLOCK_CAPTURE_AUTORELEASING = YES;
				CLANG_WARN_BOOL_CONVERSION = YES;
				CLANG_WARN_COMMA = YES;
				CLANG_WARN_CONSTANT_CONVERSION = YES;
				CLANG_WARN_DEPRECATED_OBJC_IMPLEMENTATIONS = YES;
				CLANG_WARN_DIRECT_OBJC_ISA_USAGE = YES_ERROR;
				CLANG_WARN_DOCUMENTATION_COMMENTS = YES;
				CLANG_WARN_EMPTY_BODY = YES;
				CLANG_WARN_ENUM_CONVERSION = YES;
				CLANG_WARN_INFINITE_RECURSION = YES;
				CLANG_WARN_INT_CONVERSION = YES;
				CLANG_WARN_NON_LITERAL_NULL_CONVERSION = YES;
				CLANG_WARN_OBJC_IMPLICIT_RETAIN_SELF = YES;
				CLANG_WARN_OBJC_LITERAL_CONVERSION = YES;
				CLANG_WARN_OBJC_ROOT_CLASS = YES_ERROR;
				CLANG_WARN_QUOTED_INCLUDE_IN_FRAMEWORK_HEADER = YES;
				CLANG_WARN_RANGE_LOOP_ANALYSIS = YES;
				CLANG_WARN_STRICT_PROTOTYPES = YES;
				CLANG_WARN_SUSPICIOUS_MOVE = YES;
				CLANG_WARN_UNGUARDED_AVAILABILITY = YES_AGGRESSIVE;
				CLANG_WARN_UNREACHABLE_CODE = YES;
				CLANG_WARN__DUPLICATE_METHOD_MATCH = YES;
				COPY_PHASE_STRIP = NO;
				DEBUG_INFORMATION_FORMAT = dwarf;
				ENABLE_STRICT_OBJC_MSGSEND = YES;
				ENABLE_TESTABILITY = YES;
				ENABLE_USER_SCRIPT_SANDBOXING = YES;
				GCC_C_LANGUAGE_STANDARD = gnu17;
				GCC_DYNAMIC_NO_PIC = NO;
				GCC_NO_COMMON_BLOCKS = YES;
				GCC_OPTIMIZATION_LEVEL = 0;
				GCC_PREPROCESSOR_DEFINITIONS = (
					"DEBUG=1",
					"$(inherited)",
				);
				GCC_WARN_64_TO_32_BIT_CONVERSION = YES;
				GCC_WARN_ABOUT_RETURN_TYPE = YES_ERROR;
				GCC_WARN_UNDECLARED_SELECTOR = YES;
				GCC_WARN_UNINITIALIZED_AUTOS = YES_AGGRESSIVE;
				GCC_WARN_UNUSED_FUNCTION = YES;
				GCC_WARN_UNUSED_VARIABLE = YES;
				IPHONEOS_DEPLOYMENT_TARGET = 17.0;
				LOCALIZATION_PREFERS_STRING_CATALOGS = YES;
				MTL_ENABLE_DEBUG_INFO = INCLUDE_SOURCE;
				MTL_FAST_MATH = YES;
				ONLY_ACTIVE_ARCH = YES;
				SDKROOT = iphoneos;
				SWIFT_ACTIVE_COMPILATION_CONDITIONS = "DEBUG $(inherited)";
				SWIFT_OPTIMIZATION_LEVEL = "-Onone";
			};
			name = Debug;
		};
		BFEB41552B021E0F00844AE0 /* Release */ = {
			isa = XCBuildConfiguration;
			buildSettings = {
				ALWAYS_SEARCH_USER_PATHS = NO;
				ASSETCATALOG_COMPILER_GENERATE_SWIFT_ASSET_SYMBOL_EXTENSIONS = YES;
				CLANG_ANALYZER_NONNULL = YES;
				CLANG_ANALYZER_NUMBER_OBJECT_CONVERSION = YES_AGGRESSIVE;
				CLANG_CXX_LANGUAGE_STANDARD = "gnu++20";
				CLANG_ENABLE_MODULES = YES;
				CLANG_ENABLE_OBJC_ARC = YES;
				CLANG_ENABLE_OBJC_WEAK = YES;
				CLANG_WARN_BLOCK_CAPTURE_AUTORELEASING = YES;
				CLANG_WARN_BOOL_CONVERSION = YES;
				CLANG_WARN_COMMA = YES;
				CLANG_WARN_CONSTANT_CONVERSION = YES;
				CLANG_WARN_DEPRECATED_OBJC_IMPLEMENTATIONS = YES;
				CLANG_WARN_DIRECT_OBJC_ISA_USAGE = YES_ERROR;
				CLANG_WARN_DOCUMENTATION_COMMENTS = YES;
				CLANG_WARN_EMPTY_BODY = YES;
				CLANG_WARN_ENUM_CONVERSION = YES;
				CLANG_WARN_INFINITE_RECURSION = YES;
				CLANG_WARN_INT_CONVERSION = YES;
				CLANG_WARN_NON_LITERAL_NULL_CONVERSION = YES;
				CLANG_WARN_OBJC_IMPLICIT_RETAIN_SELF = YES;
				CLANG_WARN_OBJC_LITERAL_CONVERSION = YES;
				CLANG_WARN_OBJC_ROOT_CLASS = YES_ERROR;
				CLANG_WARN_QUOTED_INCLUDE_IN_FRAMEWORK_HEADER = YES;
				CLANG_WARN_RANGE_LOOP_ANALYSIS = YES;
				CLANG_WARN_STRICT_PROTOTYPES = YES;
				CLANG_WARN_SUSPICIOUS_MOVE = YES;
				CLANG_WARN_UNGUARDED_AVAILABILITY = YES_AGGRESSIVE;
				CLANG_WARN_UNREACHABLE_CODE = YES;
				CLANG_WARN__DUPLICATE_METHOD_MATCH = YES;
				COPY_PHASE_STRIP = NO;
				DEBUG_INFORMATION_FORMAT = "dwarf-with-dsym";
				ENABLE_NS_ASSERTIONS = NO;
				ENABLE_STRICT_OBJC_MSGSEND = YES;
				ENABLE_USER_SCRIPT_SANDBOXING = YES;
				GCC_C_LANGUAGE_STANDARD = gnu17;
				GCC_NO_COMMON_BLOCKS = YES;
				GCC_WARN_64_TO_32_BIT_CONVERSION = YES;
				GCC_WARN_ABOUT_RETURN_TYPE = YES_ERROR;
				GCC_WARN_UNDECLARED_SELECTOR = YES;
				GCC_WARN_UNINITIALIZED_AUTOS = YES_AGGRESSIVE;
				GCC_WARN_UNUSED_FUNCTION = YES;
				GCC_WARN_UNUSED_VARIABLE = YES;
				IPHONEOS_DEPLOYMENT_TARGET = 17.0;
				LOCALIZATION_PREFERS_STRING_CATALOGS = YES;
				MTL_ENABLE_DEBUG_INFO = NO;
				MTL_FAST_MATH = YES;
				SDKROOT = iphoneos;
				SWIFT_COMPILATION_MODE = wholemodule;
				VALIDATE_PRODUCT = YES;
			};
			name = Release;
		};
		BFEB41572B021E0F00844AE0 /* Debug */ = {
			isa = XCBuildConfiguration;
			buildSettings = {
				ASSETCATALOG_COMPILER_APPICON_NAME = AppIcon;
				ASSETCATALOG_COMPILER_GLOBAL_ACCENT_COLOR_NAME = AccentColor;
				CODE_SIGN_STYLE = Automatic;
				CURRENT_PROJECT_VERSION = 1;
				DEVELOPMENT_ASSET_PATHS = "\"Ratatouille/Preview Content\"";
				DEVELOPMENT_TEAM = FN3S2F5734;
				ENABLE_PREVIEWS = YES;
				GENERATE_INFOPLIST_FILE = YES;
				INFOPLIST_KEY_UIApplicationSceneManifest_Generation = YES;
				INFOPLIST_KEY_UIApplicationSupportsIndirectInputEvents = YES;
				INFOPLIST_KEY_UILaunchScreen_Generation = YES;
				INFOPLIST_KEY_UISupportedInterfaceOrientations_iPad = "UIInterfaceOrientationPortrait UIInterfaceOrientationPortraitUpsideDown UIInterfaceOrientationLandscapeLeft UIInterfaceOrientationLandscapeRight";
				INFOPLIST_KEY_UISupportedInterfaceOrientations_iPhone = "UIInterfaceOrientationPortrait UIInterfaceOrientationLandscapeLeft UIInterfaceOrientationLandscapeRight";
				LD_RUNPATH_SEARCH_PATHS = (
					"$(inherited)",
					"@executable_path/Frameworks",
				);
				MARKETING_VERSION = 1.0;
				PRODUCT_BUNDLE_IDENTIFIER = odin.Ratatouille;
				PRODUCT_NAME = "$(TARGET_NAME)";
				SWIFT_EMIT_LOC_STRINGS = YES;
				SWIFT_VERSION = 5.0;
				TARGETED_DEVICE_FAMILY = "1,2";
			};
			name = Debug;
		};
		BFEB41582B021E0F00844AE0 /* Release */ = {
			isa = XCBuildConfiguration;
			buildSettings = {
				ASSETCATALOG_COMPILER_APPICON_NAME = AppIcon;
				ASSETCATALOG_COMPILER_GLOBAL_ACCENT_COLOR_NAME = AccentColor;
				CODE_SIGN_STYLE = Automatic;
				CURRENT_PROJECT_VERSION = 1;
				DEVELOPMENT_ASSET_PATHS = "\"Ratatouille/Preview Content\"";
				DEVELOPMENT_TEAM = FN3S2F5734;
				ENABLE_PREVIEWS = YES;
				GENERATE_INFOPLIST_FILE = YES;
				INFOPLIST_KEY_UIApplicationSceneManifest_Generation = YES;
				INFOPLIST_KEY_UIApplicationSupportsIndirectInputEvents = YES;
				INFOPLIST_KEY_UILaunchScreen_Generation = YES;
				INFOPLIST_KEY_UISupportedInterfaceOrientations_iPad = "UIInterfaceOrientationPortrait UIInterfaceOrientationPortraitUpsideDown UIInterfaceOrientationLandscapeLeft UIInterfaceOrientationLandscapeRight";
				INFOPLIST_KEY_UISupportedInterfaceOrientations_iPhone = "UIInterfaceOrientationPortrait UIInterfaceOrientationLandscapeLeft UIInterfaceOrientationLandscapeRight";
				LD_RUNPATH_SEARCH_PATHS = (
					"$(inherited)",
					"@executable_path/Frameworks",
				);
				MARKETING_VERSION = 1.0;
				PRODUCT_BUNDLE_IDENTIFIER = odin.Ratatouille;
				PRODUCT_NAME = "$(TARGET_NAME)";
				SWIFT_EMIT_LOC_STRINGS = YES;
				SWIFT_VERSION = 5.0;
				TARGETED_DEVICE_FAMILY = "1,2";
			};
			name = Release;
		};
/* End XCBuildConfiguration section */

/* Begin XCConfigurationList section */
		BFEB41412B021E0D00844AE0 /* Build configuration list for PBXProject "Ratatouille" */ = {
			isa = XCConfigurationList;
			buildConfigurations = (
				BFEB41542B021E0F00844AE0 /* Debug */,
				BFEB41552B021E0F00844AE0 /* Release */,
			);
			defaultConfigurationIsVisible = 0;
			defaultConfigurationName = Release;
		};
		BFEB41562B021E0F00844AE0 /* Build configuration list for PBXNativeTarget "Ratatouille" */ = {
			isa = XCConfigurationList;
			buildConfigurations = (
				BFEB41572B021E0F00844AE0 /* Debug */,
				BFEB41582B021E0F00844AE0 /* Release */,
			);
			defaultConfigurationIsVisible = 0;
			defaultConfigurationName = Release;
		};
/* End XCConfigurationList section */
	};
	rootObject = BFEB413E2B021E0D00844AE0 /* Project object */;
}
